// !$*UTF8*$!
{
	archiveVersion = 1;
	classes = {
	};
	objectVersion = 56;
	objects = {

/* Begin PBXBuildFile section */
		3D12E3B42AFC5A2300C38AB2 /* Shift.swift in Sources */ = {isa = PBXBuildFile; fileRef = 3D12E3B32AFC5A2300C38AB2 /* Shift.swift */; };
		3D13CC822AF9C17E00E14CF4 /* OfferShiftViewModal.swift in Sources */ = {isa = PBXBuildFile; fileRef = 3D13CC812AF9C17E00E14CF4 /* OfferShiftViewModal.swift */; };
		3D13CC842AF9C1CE00E14CF4 /* CustomObjects.swift in Sources */ = {isa = PBXBuildFile; fileRef = 3D13CC832AF9C1CE00E14CF4 /* CustomObjects.swift */; };
		3D23BA142B07105000E745A9 /* OfferShiftModel.swift in Sources */ = {isa = PBXBuildFile; fileRef = 3D23BA132B07105000E745A9 /* OfferShiftModel.swift */; };
		3D23BA162B071F6900E745A9 /* PickupShiftViewModel.swift in Sources */ = {isa = PBXBuildFile; fileRef = 3D23BA152B071F6900E745A9 /* PickupShiftViewModel.swift */; };
		3D33AF232AE9D747003116A5 /* GoogleService-Info.plist in Resources */ = {isa = PBXBuildFile; fileRef = 3D33AF222AE9D747003116A5 /* GoogleService-Info.plist */; };
		3D33AF262AE9DB3F003116A5 /* FirebaseAnalytics in Frameworks */ = {isa = PBXBuildFile; productRef = 3D33AF252AE9DB3F003116A5 /* FirebaseAnalytics */; };
		3D33AF282AE9DB3F003116A5 /* FirebaseAnalyticsOnDeviceConversion in Frameworks */ = {isa = PBXBuildFile; productRef = 3D33AF272AE9DB3F003116A5 /* FirebaseAnalyticsOnDeviceConversion */; };
		3D33AF2A2AE9DB3F003116A5 /* FirebaseAnalyticsSwift in Frameworks */ = {isa = PBXBuildFile; productRef = 3D33AF292AE9DB3F003116A5 /* FirebaseAnalyticsSwift */; };
		3D33AF2C2AE9DB3F003116A5 /* FirebaseAnalyticsWithoutAdIdSupport in Frameworks */ = {isa = PBXBuildFile; productRef = 3D33AF2B2AE9DB3F003116A5 /* FirebaseAnalyticsWithoutAdIdSupport */; };
		3D33AF2E2AE9DB3F003116A5 /* FirebaseAppCheck in Frameworks */ = {isa = PBXBuildFile; productRef = 3D33AF2D2AE9DB3F003116A5 /* FirebaseAppCheck */; };
		3D33AF302AE9DB3F003116A5 /* FirebaseAppDistribution-Beta in Frameworks */ = {isa = PBXBuildFile; productRef = 3D33AF2F2AE9DB3F003116A5 /* FirebaseAppDistribution-Beta */; };
		3D33AF322AE9DB3F003116A5 /* FirebaseAuth in Frameworks */ = {isa = PBXBuildFile; productRef = 3D33AF312AE9DB3F003116A5 /* FirebaseAuth */; };
		3D33AF342AE9DB3F003116A5 /* FirebaseAuthCombine-Community in Frameworks */ = {isa = PBXBuildFile; productRef = 3D33AF332AE9DB3F003116A5 /* FirebaseAuthCombine-Community */; };
		3D33AF362AE9DB3F003116A5 /* FirebaseCrashlytics in Frameworks */ = {isa = PBXBuildFile; productRef = 3D33AF352AE9DB3F003116A5 /* FirebaseCrashlytics */; };
		3D33AF382AE9DB3F003116A5 /* FirebaseDatabase in Frameworks */ = {isa = PBXBuildFile; productRef = 3D33AF372AE9DB3F003116A5 /* FirebaseDatabase */; };
		3D33AF3A2AE9DB3F003116A5 /* FirebaseDatabaseSwift in Frameworks */ = {isa = PBXBuildFile; productRef = 3D33AF392AE9DB3F003116A5 /* FirebaseDatabaseSwift */; };
		3D33AF3C2AE9DB3F003116A5 /* FirebaseDynamicLinks in Frameworks */ = {isa = PBXBuildFile; productRef = 3D33AF3B2AE9DB3F003116A5 /* FirebaseDynamicLinks */; };
		3D33AF3E2AE9DB3F003116A5 /* FirebaseFirestore in Frameworks */ = {isa = PBXBuildFile; productRef = 3D33AF3D2AE9DB3F003116A5 /* FirebaseFirestore */; };
		3D33AF402AE9DB3F003116A5 /* FirebaseFirestoreCombine-Community in Frameworks */ = {isa = PBXBuildFile; productRef = 3D33AF3F2AE9DB3F003116A5 /* FirebaseFirestoreCombine-Community */; };
		3D33AF422AE9DB3F003116A5 /* FirebaseFirestoreSwift in Frameworks */ = {isa = PBXBuildFile; productRef = 3D33AF412AE9DB3F003116A5 /* FirebaseFirestoreSwift */; };
		3D33AF442AE9DB3F003116A5 /* FirebaseFunctions in Frameworks */ = {isa = PBXBuildFile; productRef = 3D33AF432AE9DB3F003116A5 /* FirebaseFunctions */; };
		3D33AF462AE9DB3F003116A5 /* FirebaseFunctionsCombine-Community in Frameworks */ = {isa = PBXBuildFile; productRef = 3D33AF452AE9DB3F003116A5 /* FirebaseFunctionsCombine-Community */; };
		3D33AF482AE9DB3F003116A5 /* FirebaseInAppMessaging-Beta in Frameworks */ = {isa = PBXBuildFile; productRef = 3D33AF472AE9DB3F003116A5 /* FirebaseInAppMessaging-Beta */; };
		3D33AF4A2AE9DB3F003116A5 /* FirebaseInAppMessagingSwift-Beta in Frameworks */ = {isa = PBXBuildFile; productRef = 3D33AF492AE9DB3F003116A5 /* FirebaseInAppMessagingSwift-Beta */; };
		3D33AF4C2AE9DB3F003116A5 /* FirebaseInstallations in Frameworks */ = {isa = PBXBuildFile; productRef = 3D33AF4B2AE9DB3F003116A5 /* FirebaseInstallations */; };
		3D33AF4E2AE9DB3F003116A5 /* FirebaseMLModelDownloader in Frameworks */ = {isa = PBXBuildFile; productRef = 3D33AF4D2AE9DB3F003116A5 /* FirebaseMLModelDownloader */; };
		3D33AF502AE9DB3F003116A5 /* FirebaseMessaging in Frameworks */ = {isa = PBXBuildFile; productRef = 3D33AF4F2AE9DB3F003116A5 /* FirebaseMessaging */; };
		3D33AF522AE9DB3F003116A5 /* FirebasePerformance in Frameworks */ = {isa = PBXBuildFile; productRef = 3D33AF512AE9DB3F003116A5 /* FirebasePerformance */; };
		3D33AF542AE9DB3F003116A5 /* FirebaseRemoteConfig in Frameworks */ = {isa = PBXBuildFile; productRef = 3D33AF532AE9DB3F003116A5 /* FirebaseRemoteConfig */; };
		3D33AF562AE9DB3F003116A5 /* FirebaseRemoteConfigSwift in Frameworks */ = {isa = PBXBuildFile; productRef = 3D33AF552AE9DB3F003116A5 /* FirebaseRemoteConfigSwift */; };
		3D33AF582AE9DB3F003116A5 /* FirebaseStorage in Frameworks */ = {isa = PBXBuildFile; productRef = 3D33AF572AE9DB3F003116A5 /* FirebaseStorage */; };
		3D33AF5A2AE9DB3F003116A5 /* FirebaseStorageCombine-Community in Frameworks */ = {isa = PBXBuildFile; productRef = 3D33AF592AE9DB3F003116A5 /* FirebaseStorageCombine-Community */; };
		3D92F3942AE8B2250032DE1F /* LoginManager.swift in Sources */ = {isa = PBXBuildFile; fileRef = 3D92F3932AE8B2250032DE1F /* LoginManager.swift */; };
		3D92F3972AE8B3610032DE1F /* TabViewManager.swift in Sources */ = {isa = PBXBuildFile; fileRef = 3D92F3962AE8B3600032DE1F /* TabViewManager.swift */; };
		3D92F3992AE8B4370032DE1F /* PickupShiftView.swift in Sources */ = {isa = PBXBuildFile; fileRef = 3D92F3982AE8B4370032DE1F /* PickupShiftView.swift */; };
		3D92F39B2AE8B4770032DE1F /* OfferShiftView.swift in Sources */ = {isa = PBXBuildFile; fileRef = 3D92F39A2AE8B4770032DE1F /* OfferShiftView.swift */; };
		3D92F39D2AE8B5350032DE1F /* RequestShiftView.swift in Sources */ = {isa = PBXBuildFile; fileRef = 3D92F39C2AE8B5350032DE1F /* RequestShiftView.swift */; };
		3D92F39F2AE8B58F0032DE1F /* StaffView.swift in Sources */ = {isa = PBXBuildFile; fileRef = 3D92F39E2AE8B58F0032DE1F /* StaffView.swift */; };
		3D92F3A12AE8B7650032DE1F /* Extensions.swift in Sources */ = {isa = PBXBuildFile; fileRef = 3D92F3A02AE8B7650032DE1F /* Extensions.swift */; };
		3D92F3A52AE9A8540032DE1F /* ShiftView.swift in Sources */ = {isa = PBXBuildFile; fileRef = 3D92F3A42AE9A8540032DE1F /* ShiftView.swift */; };
		3DD88D622AE87D9E0018291D /* Shift_RadarApp.swift in Sources */ = {isa = PBXBuildFile; fileRef = 3DD88D612AE87D9E0018291D /* Shift_RadarApp.swift */; };
		3DD88D642AE87D9E0018291D /* LoginView.swift in Sources */ = {isa = PBXBuildFile; fileRef = 3DD88D632AE87D9E0018291D /* LoginView.swift */; };
		3DD88D662AE87D9F0018291D /* Assets.xcassets in Resources */ = {isa = PBXBuildFile; fileRef = 3DD88D652AE87D9F0018291D /* Assets.xcassets */; };
		3DD88D692AE87D9F0018291D /* Preview Assets.xcassets in Resources */ = {isa = PBXBuildFile; fileRef = 3DD88D682AE87D9F0018291D /* Preview Assets.xcassets */; };
		3DD88D702AE87E6E0018291D /* SignUpView.swift in Sources */ = {isa = PBXBuildFile; fileRef = 3DD88D6F2AE87E6E0018291D /* SignUpView.swift */; };
		3DEDAB4E2AECB45A00771E43 /* Shapes.swift in Sources */ = {isa = PBXBuildFile; fileRef = 3DEDAB4D2AECB45A00771E43 /* Shapes.swift */; };
		3DEDAB502AECB67A00771E43 /* SuccessView.swift in Sources */ = {isa = PBXBuildFile; fileRef = 3DEDAB4F2AECB67A00771E43 /* SuccessView.swift */; };
		3DEF31352AF58B50009F6737 /* OfferShiftViewModel.swift in Sources */ = {isa = PBXBuildFile; fileRef = 3DEF31342AF58B50009F6737 /* OfferShiftViewModel.swift */; };
		3DF600752AEADAA6008F6971 /* InfoView.swift in Sources */ = {isa = PBXBuildFile; fileRef = 3DF600742AEADAA6008F6971 /* InfoView.swift */; };
		3DF600772AEADAB6008F6971 /* EmailConfirmView.swift in Sources */ = {isa = PBXBuildFile; fileRef = 3DF600762AEADAB6008F6971 /* EmailConfirmView.swift */; };
		3DFA29082AF497DC0082439D /* SignUpViewModel.swift in Sources */ = {isa = PBXBuildFile; fileRef = 3DFA29072AF497DC0082439D /* SignUpViewModel.swift */; };
/* End PBXBuildFile section */

/* Begin PBXFileReference section */
		3D12E3B32AFC5A2300C38AB2 /* Shift.swift */ = {isa = PBXFileReference; lastKnownFileType = sourcecode.swift; path = Shift.swift; sourceTree = "<group>"; };
		3D13CC812AF9C17E00E14CF4 /* OfferShiftViewModal.swift */ = {isa = PBXFileReference; lastKnownFileType = sourcecode.swift; path = OfferShiftViewModal.swift; sourceTree = "<group>"; };
		3D13CC832AF9C1CE00E14CF4 /* CustomObjects.swift */ = {isa = PBXFileReference; lastKnownFileType = sourcecode.swift; path = CustomObjects.swift; sourceTree = "<group>"; };
		3D23BA132B07105000E745A9 /* OfferShiftModel.swift */ = {isa = PBXFileReference; lastKnownFileType = sourcecode.swift; path = OfferShiftModel.swift; sourceTree = "<group>"; };
		3D23BA152B071F6900E745A9 /* PickupShiftViewModel.swift */ = {isa = PBXFileReference; lastKnownFileType = sourcecode.swift; path = PickupShiftViewModel.swift; sourceTree = "<group>"; };
		3D33AF222AE9D747003116A5 /* GoogleService-Info.plist */ = {isa = PBXFileReference; fileEncoding = 4; lastKnownFileType = text.plist.xml; path = "GoogleService-Info.plist"; sourceTree = "<group>"; };
		3D92F3932AE8B2250032DE1F /* LoginManager.swift */ = {isa = PBXFileReference; lastKnownFileType = sourcecode.swift; path = LoginManager.swift; sourceTree = "<group>"; };
		3D92F3962AE8B3600032DE1F /* TabViewManager.swift */ = {isa = PBXFileReference; lastKnownFileType = sourcecode.swift; path = TabViewManager.swift; sourceTree = "<group>"; };
		3D92F3982AE8B4370032DE1F /* PickupShiftView.swift */ = {isa = PBXFileReference; lastKnownFileType = sourcecode.swift; path = PickupShiftView.swift; sourceTree = "<group>"; };
		3D92F39A2AE8B4770032DE1F /* OfferShiftView.swift */ = {isa = PBXFileReference; lastKnownFileType = sourcecode.swift; path = OfferShiftView.swift; sourceTree = "<group>"; };
		3D92F39C2AE8B5350032DE1F /* RequestShiftView.swift */ = {isa = PBXFileReference; lastKnownFileType = sourcecode.swift; path = RequestShiftView.swift; sourceTree = "<group>"; };
		3D92F39E2AE8B58F0032DE1F /* StaffView.swift */ = {isa = PBXFileReference; lastKnownFileType = sourcecode.swift; path = StaffView.swift; sourceTree = "<group>"; };
		3D92F3A02AE8B7650032DE1F /* Extensions.swift */ = {isa = PBXFileReference; lastKnownFileType = sourcecode.swift; path = Extensions.swift; sourceTree = "<group>"; };
		3D92F3A42AE9A8540032DE1F /* ShiftView.swift */ = {isa = PBXFileReference; lastKnownFileType = sourcecode.swift; path = ShiftView.swift; sourceTree = "<group>"; };
		3DD88D5E2AE87D9E0018291D /* Shift Radar.app */ = {isa = PBXFileReference; explicitFileType = wrapper.application; includeInIndex = 0; path = "Shift Radar.app"; sourceTree = BUILT_PRODUCTS_DIR; };
		3DD88D612AE87D9E0018291D /* Shift_RadarApp.swift */ = {isa = PBXFileReference; lastKnownFileType = sourcecode.swift; path = Shift_RadarApp.swift; sourceTree = "<group>"; };
		3DD88D632AE87D9E0018291D /* LoginView.swift */ = {isa = PBXFileReference; lastKnownFileType = sourcecode.swift; path = LoginView.swift; sourceTree = "<group>"; };
		3DD88D652AE87D9F0018291D /* Assets.xcassets */ = {isa = PBXFileReference; lastKnownFileType = folder.assetcatalog; path = Assets.xcassets; sourceTree = "<group>"; };
		3DD88D682AE87D9F0018291D /* Preview Assets.xcassets */ = {isa = PBXFileReference; lastKnownFileType = folder.assetcatalog; path = "Preview Assets.xcassets"; sourceTree = "<group>"; };
		3DD88D6F2AE87E6E0018291D /* SignUpView.swift */ = {isa = PBXFileReference; lastKnownFileType = sourcecode.swift; path = SignUpView.swift; sourceTree = "<group>"; };
		3DEDAB4D2AECB45A00771E43 /* Shapes.swift */ = {isa = PBXFileReference; lastKnownFileType = sourcecode.swift; path = Shapes.swift; sourceTree = "<group>"; };
		3DEDAB4F2AECB67A00771E43 /* SuccessView.swift */ = {isa = PBXFileReference; lastKnownFileType = sourcecode.swift; path = SuccessView.swift; sourceTree = "<group>"; };
		3DEF31342AF58B50009F6737 /* OfferShiftViewModel.swift */ = {isa = PBXFileReference; lastKnownFileType = sourcecode.swift; path = OfferShiftViewModel.swift; sourceTree = "<group>"; };
		3DF600742AEADAA6008F6971 /* InfoView.swift */ = {isa = PBXFileReference; lastKnownFileType = sourcecode.swift; path = InfoView.swift; sourceTree = "<group>"; };
		3DF600762AEADAB6008F6971 /* EmailConfirmView.swift */ = {isa = PBXFileReference; lastKnownFileType = sourcecode.swift; path = EmailConfirmView.swift; sourceTree = "<group>"; };
		3DFA29072AF497DC0082439D /* SignUpViewModel.swift */ = {isa = PBXFileReference; lastKnownFileType = sourcecode.swift; path = SignUpViewModel.swift; sourceTree = "<group>"; };
/* End PBXFileReference section */

/* Begin PBXFrameworksBuildPhase section */
		3DD88D5B2AE87D9E0018291D /* Frameworks */ = {
			isa = PBXFrameworksBuildPhase;
			buildActionMask = 2147483647;
			files = (
				3D33AF382AE9DB3F003116A5 /* FirebaseDatabase in Frameworks */,
				3D33AF462AE9DB3F003116A5 /* FirebaseFunctionsCombine-Community in Frameworks */,
				3D33AF3E2AE9DB3F003116A5 /* FirebaseFirestore in Frameworks */,
				3D33AF2A2AE9DB3F003116A5 /* FirebaseAnalyticsSwift in Frameworks */,
				3D33AF262AE9DB3F003116A5 /* FirebaseAnalytics in Frameworks */,
				3D33AF282AE9DB3F003116A5 /* FirebaseAnalyticsOnDeviceConversion in Frameworks */,
				3D33AF4E2AE9DB3F003116A5 /* FirebaseMLModelDownloader in Frameworks */,
				3D33AF422AE9DB3F003116A5 /* FirebaseFirestoreSwift in Frameworks */,
				3D33AF2E2AE9DB3F003116A5 /* FirebaseAppCheck in Frameworks */,
				3D33AF2C2AE9DB3F003116A5 /* FirebaseAnalyticsWithoutAdIdSupport in Frameworks */,
				3D33AF322AE9DB3F003116A5 /* FirebaseAuth in Frameworks */,
				3D33AF362AE9DB3F003116A5 /* FirebaseCrashlytics in Frameworks */,
				3D33AF562AE9DB3F003116A5 /* FirebaseRemoteConfigSwift in Frameworks */,
				3D33AF482AE9DB3F003116A5 /* FirebaseInAppMessaging-Beta in Frameworks */,
				3D33AF3A2AE9DB3F003116A5 /* FirebaseDatabaseSwift in Frameworks */,
				3D33AF442AE9DB3F003116A5 /* FirebaseFunctions in Frameworks */,
				3D33AF5A2AE9DB3F003116A5 /* FirebaseStorageCombine-Community in Frameworks */,
				3D33AF542AE9DB3F003116A5 /* FirebaseRemoteConfig in Frameworks */,
				3D33AF302AE9DB3F003116A5 /* FirebaseAppDistribution-Beta in Frameworks */,
				3D33AF342AE9DB3F003116A5 /* FirebaseAuthCombine-Community in Frameworks */,
				3D33AF522AE9DB3F003116A5 /* FirebasePerformance in Frameworks */,
				3D33AF4A2AE9DB3F003116A5 /* FirebaseInAppMessagingSwift-Beta in Frameworks */,
				3D33AF582AE9DB3F003116A5 /* FirebaseStorage in Frameworks */,
				3D33AF3C2AE9DB3F003116A5 /* FirebaseDynamicLinks in Frameworks */,
				3D33AF402AE9DB3F003116A5 /* FirebaseFirestoreCombine-Community in Frameworks */,
				3D33AF502AE9DB3F003116A5 /* FirebaseMessaging in Frameworks */,
				3D33AF4C2AE9DB3F003116A5 /* FirebaseInstallations in Frameworks */,
			);
			runOnlyForDeploymentPostprocessing = 0;
		};
/* End PBXFrameworksBuildPhase section */

/* Begin PBXGroup section */
		3D12E3B52AFC5A2700C38AB2 /* Objects */ = {
			isa = PBXGroup;
			children = (
				3D12E3B32AFC5A2300C38AB2 /* Shift.swift */,
			);
			path = Objects;
			sourceTree = "<group>";
		};
		3D13CC852AF9C25E00E14CF4 /* Other */ = {
			isa = PBXGroup;
			children = (
				3D92F3A02AE8B7650032DE1F /* Extensions.swift */,
				3D13CC832AF9C1CE00E14CF4 /* CustomObjects.swift */,
			);
			path = Other;
			sourceTree = "<group>";
		};
		3D13CC862AF9C2AD00E14CF4 /* Request */ = {
			isa = PBXGroup;
			children = (
				3D92F39C2AE8B5350032DE1F /* RequestShiftView.swift */,
			);
			path = Request;
			sourceTree = "<group>";
		};
		3D13CC872AF9C2B500E14CF4 /* Pickup */ = {
			isa = PBXGroup;
			children = (
				3D92F3982AE8B4370032DE1F /* PickupShiftView.swift */,
				3D23BA152B071F6900E745A9 /* PickupShiftViewModel.swift */,
			);
			path = Pickup;
			sourceTree = "<group>";
		};
		3D92F3952AE8B34E0032DE1F /* Login */ = {
			isa = PBXGroup;
			children = (
				3DD88D632AE87D9E0018291D /* LoginView.swift */,
				3DF600782AEADAC0008F6971 /* SignUp */,
				3D92F3932AE8B2250032DE1F /* LoginManager.swift */,
			);
			path = Login;
			sourceTree = "<group>";
		};
		3DD88D552AE87D9E0018291D = {
			isa = PBXGroup;
			children = (
				3DD88D602AE87D9E0018291D /* Shift Radar */,
				3DD88D5F2AE87D9E0018291D /* Products */,
			);
			sourceTree = "<group>";
		};
		3DD88D5F2AE87D9E0018291D /* Products */ = {
			isa = PBXGroup;
			children = (
				3DD88D5E2AE87D9E0018291D /* Shift Radar.app */,
			);
			name = Products;
			sourceTree = "<group>";
		};
		3DD88D602AE87D9E0018291D /* Shift Radar */ = {
			isa = PBXGroup;
			children = (
				3DD88D612AE87D9E0018291D /* Shift_RadarApp.swift */,
				3D92F3952AE8B34E0032DE1F /* Login */,
				3DD88D652AE87D9F0018291D /* Assets.xcassets */,
				3DD88D672AE87D9F0018291D /* Preview Content */,
				3D12E3B52AFC5A2700C38AB2 /* Objects */,
				3DEF31372AF58BE7009F6737 /* TabView */,
				3D13CC852AF9C25E00E14CF4 /* Other */,
				3D33AF222AE9D747003116A5 /* GoogleService-Info.plist */,
			);
			path = "Shift Radar";
			sourceTree = "<group>";
		};
		3DD88D672AE87D9F0018291D /* Preview Content */ = {
			isa = PBXGroup;
			children = (
				3DD88D682AE87D9F0018291D /* Preview Assets.xcassets */,
			);
			path = "Preview Content";
			sourceTree = "<group>";
		};
		3DEF31362AF58BD5009F6737 /* Offer */ = {
			isa = PBXGroup;
			children = (
				3D92F39A2AE8B4770032DE1F /* OfferShiftView.swift */,
				3DEF31342AF58B50009F6737 /* OfferShiftViewModel.swift */,
				3D13CC812AF9C17E00E14CF4 /* OfferShiftViewModal.swift */,
				3D23BA132B07105000E745A9 /* OfferShiftModel.swift */,
			);
			path = Offer;
			sourceTree = "<group>";
		};
		3DEF31372AF58BE7009F6737 /* TabView */ = {
			isa = PBXGroup;
			children = (
				3D92F3962AE8B3600032DE1F /* TabViewManager.swift */,
				3D92F3A42AE9A8540032DE1F /* ShiftView.swift */,
				3D13CC872AF9C2B500E14CF4 /* Pickup */,
				3DEF31362AF58BD5009F6737 /* Offer */,
				3D13CC862AF9C2AD00E14CF4 /* Request */,
				3D92F39E2AE8B58F0032DE1F /* StaffView.swift */,
			);
			path = TabView;
			sourceTree = "<group>";
		};
		3DF600782AEADAC0008F6971 /* SignUp */ = {
			isa = PBXGroup;
			children = (
				3DEDAB4D2AECB45A00771E43 /* Shapes.swift */,
				3DD88D6F2AE87E6E0018291D /* SignUpView.swift */,
				3DFA29072AF497DC0082439D /* SignUpViewModel.swift */,
				3DF600762AEADAB6008F6971 /* EmailConfirmView.swift */,
				3DF600742AEADAA6008F6971 /* InfoView.swift */,
				3DEDAB4F2AECB67A00771E43 /* SuccessView.swift */,
			);
			path = SignUp;
			sourceTree = "<group>";
		};
/* End PBXGroup section */

/* Begin PBXNativeTarget section */
		3DD88D5D2AE87D9E0018291D /* Shift Radar */ = {
			isa = PBXNativeTarget;
			buildConfigurationList = 3DD88D6C2AE87D9F0018291D /* Build configuration list for PBXNativeTarget "Shift Radar" */;
			buildPhases = (
				3DD88D5A2AE87D9E0018291D /* Sources */,
				3DD88D5B2AE87D9E0018291D /* Frameworks */,
				3DD88D5C2AE87D9E0018291D /* Resources */,
			);
			buildRules = (
			);
			dependencies = (
			);
			name = "Shift Radar";
			packageProductDependencies = (
				3D33AF252AE9DB3F003116A5 /* FirebaseAnalytics */,
				3D33AF272AE9DB3F003116A5 /* FirebaseAnalyticsOnDeviceConversion */,
				3D33AF292AE9DB3F003116A5 /* FirebaseAnalyticsSwift */,
				3D33AF2B2AE9DB3F003116A5 /* FirebaseAnalyticsWithoutAdIdSupport */,
				3D33AF2D2AE9DB3F003116A5 /* FirebaseAppCheck */,
				3D33AF2F2AE9DB3F003116A5 /* FirebaseAppDistribution-Beta */,
				3D33AF312AE9DB3F003116A5 /* FirebaseAuth */,
				3D33AF332AE9DB3F003116A5 /* FirebaseAuthCombine-Community */,
				3D33AF352AE9DB3F003116A5 /* FirebaseCrashlytics */,
				3D33AF372AE9DB3F003116A5 /* FirebaseDatabase */,
				3D33AF392AE9DB3F003116A5 /* FirebaseDatabaseSwift */,
				3D33AF3B2AE9DB3F003116A5 /* FirebaseDynamicLinks */,
				3D33AF3D2AE9DB3F003116A5 /* FirebaseFirestore */,
				3D33AF3F2AE9DB3F003116A5 /* FirebaseFirestoreCombine-Community */,
				3D33AF412AE9DB3F003116A5 /* FirebaseFirestoreSwift */,
				3D33AF432AE9DB3F003116A5 /* FirebaseFunctions */,
				3D33AF452AE9DB3F003116A5 /* FirebaseFunctionsCombine-Community */,
				3D33AF472AE9DB3F003116A5 /* FirebaseInAppMessaging-Beta */,
				3D33AF492AE9DB3F003116A5 /* FirebaseInAppMessagingSwift-Beta */,
				3D33AF4B2AE9DB3F003116A5 /* FirebaseInstallations */,
				3D33AF4D2AE9DB3F003116A5 /* FirebaseMLModelDownloader */,
				3D33AF4F2AE9DB3F003116A5 /* FirebaseMessaging */,
				3D33AF512AE9DB3F003116A5 /* FirebasePerformance */,
				3D33AF532AE9DB3F003116A5 /* FirebaseRemoteConfig */,
				3D33AF552AE9DB3F003116A5 /* FirebaseRemoteConfigSwift */,
				3D33AF572AE9DB3F003116A5 /* FirebaseStorage */,
				3D33AF592AE9DB3F003116A5 /* FirebaseStorageCombine-Community */,
			);
			productName = "Shift Radar";
			productReference = 3DD88D5E2AE87D9E0018291D /* Shift Radar.app */;
			productType = "com.apple.product-type.application";
		};
/* End PBXNativeTarget section */

/* Begin PBXProject section */
		3DD88D562AE87D9E0018291D /* Project object */ = {
			isa = PBXProject;
			attributes = {
				BuildIndependentTargetsInParallel = 1;
				LastSwiftUpdateCheck = 1500;
				LastUpgradeCheck = 1500;
				TargetAttributes = {
					3DD88D5D2AE87D9E0018291D = {
						CreatedOnToolsVersion = 15.0.1;
					};
				};
			};
			buildConfigurationList = 3DD88D592AE87D9E0018291D /* Build configuration list for PBXProject "Shift Radar" */;
			compatibilityVersion = "Xcode 14.0";
			developmentRegion = en;
			hasScannedForEncodings = 0;
			knownRegions = (
				en,
				Base,
			);
			mainGroup = 3DD88D552AE87D9E0018291D;
			packageReferences = (
				3D33AF242AE9DB3F003116A5 /* XCRemoteSwiftPackageReference "firebase-ios-sdk" */,
			);
			productRefGroup = 3DD88D5F2AE87D9E0018291D /* Products */;
			projectDirPath = "";
			projectRoot = "";
			targets = (
				3DD88D5D2AE87D9E0018291D /* Shift Radar */,
			);
		};
/* End PBXProject section */

/* Begin PBXResourcesBuildPhase section */
		3DD88D5C2AE87D9E0018291D /* Resources */ = {
			isa = PBXResourcesBuildPhase;
			buildActionMask = 2147483647;
			files = (
				3DD88D692AE87D9F0018291D /* Preview Assets.xcassets in Resources */,
				3DD88D662AE87D9F0018291D /* Assets.xcassets in Resources */,
				3D33AF232AE9D747003116A5 /* GoogleService-Info.plist in Resources */,
			);
			runOnlyForDeploymentPostprocessing = 0;
		};
/* End PBXResourcesBuildPhase section */

/* Begin PBXSourcesBuildPhase section */
		3DD88D5A2AE87D9E0018291D /* Sources */ = {
			isa = PBXSourcesBuildPhase;
			buildActionMask = 2147483647;
			files = (
				3DEDAB502AECB67A00771E43 /* SuccessView.swift in Sources */,
				3DFA29082AF497DC0082439D /* SignUpViewModel.swift in Sources */,
				3D23BA142B07105000E745A9 /* OfferShiftModel.swift in Sources */,
				3D92F39F2AE8B58F0032DE1F /* StaffView.swift in Sources */,
				3D13CC822AF9C17E00E14CF4 /* OfferShiftViewModal.swift in Sources */,
				3D12E3B42AFC5A2300C38AB2 /* Shift.swift in Sources */,
				3D92F3972AE8B3610032DE1F /* TabViewManager.swift in Sources */,
				3DEDAB4E2AECB45A00771E43 /* Shapes.swift in Sources */,
				3D92F3992AE8B4370032DE1F /* PickupShiftView.swift in Sources */,
				3DD88D642AE87D9E0018291D /* LoginView.swift in Sources */,
				3D92F39D2AE8B5350032DE1F /* RequestShiftView.swift in Sources */,
				3DF600752AEADAA6008F6971 /* InfoView.swift in Sources */,
				3D92F3A12AE8B7650032DE1F /* Extensions.swift in Sources */,
				3D13CC842AF9C1CE00E14CF4 /* CustomObjects.swift in Sources */,
				3D92F3942AE8B2250032DE1F /* LoginManager.swift in Sources */,
				3DF600772AEADAB6008F6971 /* EmailConfirmView.swift in Sources */,
				3D92F39B2AE8B4770032DE1F /* OfferShiftView.swift in Sources */,
				3D23BA162B071F6900E745A9 /* PickupShiftViewModel.swift in Sources */,
				3DD88D702AE87E6E0018291D /* SignUpView.swift in Sources */,
				3DD88D622AE87D9E0018291D /* Shift_RadarApp.swift in Sources */,
				3DEF31352AF58B50009F6737 /* OfferShiftViewModel.swift in Sources */,
				3D92F3A52AE9A8540032DE1F /* ShiftView.swift in Sources */,
			);
			runOnlyForDeploymentPostprocessing = 0;
		};
/* End PBXSourcesBuildPhase section */

/* Begin XCBuildConfiguration section */
		3DD88D6A2AE87D9F0018291D /* Debug */ = {
			isa = XCBuildConfiguration;
			buildSettings = {
				ALWAYS_SEARCH_USER_PATHS = NO;
				ASSETCATALOG_COMPILER_GENERATE_SWIFT_ASSET_SYMBOL_EXTENSIONS = YES;
				CLANG_ANALYZER_NONNULL = YES;
				CLANG_ANALYZER_NUMBER_OBJECT_CONVERSION = YES_AGGRESSIVE;
				CLANG_CXX_LANGUAGE_STANDARD = "gnu++20";
				CLANG_ENABLE_MODULES = YES;
				CLANG_ENABLE_OBJC_ARC = YES;
				CLANG_ENABLE_OBJC_WEAK = YES;
				CLANG_WARN_BLOCK_CAPTURE_AUTORELEASING = YES;
				CLANG_WARN_BOOL_CONVERSION = YES;
				CLANG_WARN_COMMA = YES;
				CLANG_WARN_CONSTANT_CONVERSION = YES;
				CLANG_WARN_DEPRECATED_OBJC_IMPLEMENTATIONS = YES;
				CLANG_WARN_DIRECT_OBJC_ISA_USAGE = YES_ERROR;
				CLANG_WARN_DOCUMENTATION_COMMENTS = YES;
				CLANG_WARN_EMPTY_BODY = YES;
				CLANG_WARN_ENUM_CONVERSION = YES;
				CLANG_WARN_INFINITE_RECURSION = YES;
				CLANG_WARN_INT_CONVERSION = YES;
				CLANG_WARN_NON_LITERAL_NULL_CONVERSION = YES;
				CLANG_WARN_OBJC_IMPLICIT_RETAIN_SELF = YES;
				CLANG_WARN_OBJC_LITERAL_CONVERSION = YES;
				CLANG_WARN_OBJC_ROOT_CLASS = YES_ERROR;
				CLANG_WARN_QUOTED_INCLUDE_IN_FRAMEWORK_HEADER = YES;
				CLANG_WARN_RANGE_LOOP_ANALYSIS = YES;
				CLANG_WARN_STRICT_PROTOTYPES = YES;
				CLANG_WARN_SUSPICIOUS_MOVE = YES;
				CLANG_WARN_UNGUARDED_AVAILABILITY = YES_AGGRESSIVE;
				CLANG_WARN_UNREACHABLE_CODE = YES;
				CLANG_WARN__DUPLICATE_METHOD_MATCH = YES;
				COPY_PHASE_STRIP = NO;
				DEBUG_INFORMATION_FORMAT = dwarf;
				ENABLE_STRICT_OBJC_MSGSEND = YES;
				ENABLE_TESTABILITY = YES;
				ENABLE_USER_SCRIPT_SANDBOXING = YES;
				GCC_C_LANGUAGE_STANDARD = gnu17;
				GCC_DYNAMIC_NO_PIC = NO;
				GCC_NO_COMMON_BLOCKS = YES;
				GCC_OPTIMIZATION_LEVEL = 0;
				GCC_PREPROCESSOR_DEFINITIONS = (
					"DEBUG=1",
					"$(inherited)",
				);
				GCC_WARN_64_TO_32_BIT_CONVERSION = YES;
				GCC_WARN_ABOUT_RETURN_TYPE = YES_ERROR;
				GCC_WARN_UNDECLARED_SELECTOR = YES;
				GCC_WARN_UNINITIALIZED_AUTOS = YES_AGGRESSIVE;
				GCC_WARN_UNUSED_FUNCTION = YES;
				GCC_WARN_UNUSED_VARIABLE = YES;
				IPHONEOS_DEPLOYMENT_TARGET = 17.0;
				LOCALIZATION_PREFERS_STRING_CATALOGS = YES;
				MTL_ENABLE_DEBUG_INFO = INCLUDE_SOURCE;
				MTL_FAST_MATH = YES;
				ONLY_ACTIVE_ARCH = YES;
				SDKROOT = iphoneos;
				SWIFT_ACTIVE_COMPILATION_CONDITIONS = "DEBUG $(inherited)";
				SWIFT_OPTIMIZATION_LEVEL = "-Onone";
			};
			name = Debug;
		};
		3DD88D6B2AE87D9F0018291D /* Release */ = {
			isa = XCBuildConfiguration;
			buildSettings = {
				ALWAYS_SEARCH_USER_PATHS = NO;
				ASSETCATALOG_COMPILER_GENERATE_SWIFT_ASSET_SYMBOL_EXTENSIONS = YES;
				CLANG_ANALYZER_NONNULL = YES;
				CLANG_ANALYZER_NUMBER_OBJECT_CONVERSION = YES_AGGRESSIVE;
				CLANG_CXX_LANGUAGE_STANDARD = "gnu++20";
				CLANG_ENABLE_MODULES = YES;
				CLANG_ENABLE_OBJC_ARC = YES;
				CLANG_ENABLE_OBJC_WEAK = YES;
				CLANG_WARN_BLOCK_CAPTURE_AUTORELEASING = YES;
				CLANG_WARN_BOOL_CONVERSION = YES;
				CLANG_WARN_COMMA = YES;
				CLANG_WARN_CONSTANT_CONVERSION = YES;
				CLANG_WARN_DEPRECATED_OBJC_IMPLEMENTATIONS = YES;
				CLANG_WARN_DIRECT_OBJC_ISA_USAGE = YES_ERROR;
				CLANG_WARN_DOCUMENTATION_COMMENTS = YES;
				CLANG_WARN_EMPTY_BODY = YES;
				CLANG_WARN_ENUM_CONVERSION = YES;
				CLANG_WARN_INFINITE_RECURSION = YES;
				CLANG_WARN_INT_CONVERSION = YES;
				CLANG_WARN_NON_LITERAL_NULL_CONVERSION = YES;
				CLANG_WARN_OBJC_IMPLICIT_RETAIN_SELF = YES;
				CLANG_WARN_OBJC_LITERAL_CONVERSION = YES;
				CLANG_WARN_OBJC_ROOT_CLASS = YES_ERROR;
				CLANG_WARN_QUOTED_INCLUDE_IN_FRAMEWORK_HEADER = YES;
				CLANG_WARN_RANGE_LOOP_ANALYSIS = YES;
				CLANG_WARN_STRICT_PROTOTYPES = YES;
				CLANG_WARN_SUSPICIOUS_MOVE = YES;
				CLANG_WARN_UNGUARDED_AVAILABILITY = YES_AGGRESSIVE;
				CLANG_WARN_UNREACHABLE_CODE = YES;
				CLANG_WARN__DUPLICATE_METHOD_MATCH = YES;
				COPY_PHASE_STRIP = NO;
				DEBUG_INFORMATION_FORMAT = "dwarf-with-dsym";
				ENABLE_NS_ASSERTIONS = NO;
				ENABLE_STRICT_OBJC_MSGSEND = YES;
				ENABLE_USER_SCRIPT_SANDBOXING = YES;
				GCC_C_LANGUAGE_STANDARD = gnu17;
				GCC_NO_COMMON_BLOCKS = YES;
				GCC_WARN_64_TO_32_BIT_CONVERSION = YES;
				GCC_WARN_ABOUT_RETURN_TYPE = YES_ERROR;
				GCC_WARN_UNDECLARED_SELECTOR = YES;
				GCC_WARN_UNINITIALIZED_AUTOS = YES_AGGRESSIVE;
				GCC_WARN_UNUSED_FUNCTION = YES;
				GCC_WARN_UNUSED_VARIABLE = YES;
				IPHONEOS_DEPLOYMENT_TARGET = 17.0;
				LOCALIZATION_PREFERS_STRING_CATALOGS = YES;
				MTL_ENABLE_DEBUG_INFO = NO;
				MTL_FAST_MATH = YES;
				SDKROOT = iphoneos;
				SWIFT_COMPILATION_MODE = wholemodule;
				VALIDATE_PRODUCT = YES;
			};
			name = Release;
		};
		3DD88D6D2AE87D9F0018291D /* Debug */ = {
			isa = XCBuildConfiguration;
			buildSettings = {
				ASSETCATALOG_COMPILER_APPICON_NAME = AppIcon;
				ASSETCATALOG_COMPILER_GLOBAL_ACCENT_COLOR_NAME = AccentColor;
				CODE_SIGN_STYLE = Automatic;
				CURRENT_PROJECT_VERSION = 1;
				DEVELOPMENT_ASSET_PATHS = "\"Shift Radar/Preview Content\"";
				DEVELOPMENT_TEAM = 56PC8WXY7Q;
				ENABLE_PREVIEWS = YES;
				GENERATE_INFOPLIST_FILE = YES;
				INFOPLIST_KEY_UIApplicationSceneManifest_Generation = YES;
				INFOPLIST_KEY_UIApplicationSupportsIndirectInputEvents = YES;
				INFOPLIST_KEY_UILaunchScreen_Generation = YES;
				INFOPLIST_KEY_UISupportedInterfaceOrientations = UIInterfaceOrientationPortrait;
				INFOPLIST_KEY_UISupportedInterfaceOrientations_iPad = "UIInterfaceOrientationLandscapeLeft UIInterfaceOrientationLandscapeRight UIInterfaceOrientationPortrait UIInterfaceOrientationPortraitUpsideDown";
				INFOPLIST_KEY_UIUserInterfaceStyle = Light;
				LD_RUNPATH_SEARCH_PATHS = (
					"$(inherited)",
					"@executable_path/Frameworks",
				);
				MARKETING_VERSION = 1.0;
				PRODUCT_BUNDLE_IDENTIFIER = "com.Jusolijus17.Shift-Radar";
				PRODUCT_NAME = "$(TARGET_NAME)";
				SUPPORTED_PLATFORMS = "iphoneos iphonesimulator";
				SUPPORTS_MACCATALYST = NO;
				SUPPORTS_MAC_DESIGNED_FOR_IPHONE_IPAD = NO;
				SWIFT_EMIT_LOC_STRINGS = YES;
				SWIFT_VERSION = 5.0;
				TARGETED_DEVICE_FAMILY = 1;
			};
			name = Debug;
		};
		3DD88D6E2AE87D9F0018291D /* Release */ = {
			isa = XCBuildConfiguration;
			buildSettings = {
				ASSETCATALOG_COMPILER_APPICON_NAME = AppIcon;
				ASSETCATALOG_COMPILER_GLOBAL_ACCENT_COLOR_NAME = AccentColor;
				CODE_SIGN_STYLE = Automatic;
				CURRENT_PROJECT_VERSION = 1;
				DEVELOPMENT_ASSET_PATHS = "\"Shift Radar/Preview Content\"";
				DEVELOPMENT_TEAM = 56PC8WXY7Q;
				ENABLE_PREVIEWS = YES;
				GENERATE_INFOPLIST_FILE = YES;
				INFOPLIST_KEY_UIApplicationSceneManifest_Generation = YES;
				INFOPLIST_KEY_UIApplicationSupportsIndirectInputEvents = YES;
				INFOPLIST_KEY_UILaunchScreen_Generation = YES;
				INFOPLIST_KEY_UISupportedInterfaceOrientations = UIInterfaceOrientationPortrait;
				INFOPLIST_KEY_UISupportedInterfaceOrientations_iPad = "UIInterfaceOrientationLandscapeLeft UIInterfaceOrientationLandscapeRight UIInterfaceOrientationPortrait UIInterfaceOrientationPortraitUpsideDown";
				INFOPLIST_KEY_UIUserInterfaceStyle = Light;
				LD_RUNPATH_SEARCH_PATHS = (
					"$(inherited)",
					"@executable_path/Frameworks",
				);
				MARKETING_VERSION = 1.0;
				PRODUCT_BUNDLE_IDENTIFIER = "com.Jusolijus17.Shift-Radar";
				PRODUCT_NAME = "$(TARGET_NAME)";
				SUPPORTED_PLATFORMS = "iphoneos iphonesimulator";
				SUPPORTS_MACCATALYST = NO;
				SUPPORTS_MAC_DESIGNED_FOR_IPHONE_IPAD = NO;
				SWIFT_EMIT_LOC_STRINGS = YES;
				SWIFT_VERSION = 5.0;
				TARGETED_DEVICE_FAMILY = 1;
			};
			name = Release;
		};
/* End XCBuildConfiguration section */

/* Begin XCConfigurationList section */
		3DD88D592AE87D9E0018291D /* Build configuration list for PBXProject "Shift Radar" */ = {
			isa = XCConfigurationList;
			buildConfigurations = (
				3DD88D6A2AE87D9F0018291D /* Debug */,
				3DD88D6B2AE87D9F0018291D /* Release */,
			);
			defaultConfigurationIsVisible = 0;
			defaultConfigurationName = Release;
		};
		3DD88D6C2AE87D9F0018291D /* Build configuration list for PBXNativeTarget "Shift Radar" */ = {
			isa = XCConfigurationList;
			buildConfigurations = (
				3DD88D6D2AE87D9F0018291D /* Debug */,
				3DD88D6E2AE87D9F0018291D /* Release */,
			);
			defaultConfigurationIsVisible = 0;
			defaultConfigurationName = Release;
		};
/* End XCConfigurationList section */

/* Begin XCRemoteSwiftPackageReference section */
		3D33AF242AE9DB3F003116A5 /* XCRemoteSwiftPackageReference "firebase-ios-sdk" */ = {
			isa = XCRemoteSwiftPackageReference;
			repositoryURL = "https://github.com/firebase/firebase-ios-sdk";
			requirement = {
				kind = upToNextMajorVersion;
				minimumVersion = 10.16.0;
			};
		};
/* End XCRemoteSwiftPackageReference section */

/* Begin XCSwiftPackageProductDependency section */
		3D33AF252AE9DB3F003116A5 /* FirebaseAnalytics */ = {
			isa = XCSwiftPackageProductDependency;
			package = 3D33AF242AE9DB3F003116A5 /* XCRemoteSwiftPackageReference "firebase-ios-sdk" */;
			productName = FirebaseAnalytics;
		};
		3D33AF272AE9DB3F003116A5 /* FirebaseAnalyticsOnDeviceConversion */ = {
			isa = XCSwiftPackageProductDependency;
			package = 3D33AF242AE9DB3F003116A5 /* XCRemoteSwiftPackageReference "firebase-ios-sdk" */;
			productName = FirebaseAnalyticsOnDeviceConversion;
		};
		3D33AF292AE9DB3F003116A5 /* FirebaseAnalyticsSwift */ = {
			isa = XCSwiftPackageProductDependency;
			package = 3D33AF242AE9DB3F003116A5 /* XCRemoteSwiftPackageReference "firebase-ios-sdk" */;
			productName = FirebaseAnalyticsSwift;
		};
		3D33AF2B2AE9DB3F003116A5 /* FirebaseAnalyticsWithoutAdIdSupport */ = {
			isa = XCSwiftPackageProductDependency;
			package = 3D33AF242AE9DB3F003116A5 /* XCRemoteSwiftPackageReference "firebase-ios-sdk" */;
			productName = FirebaseAnalyticsWithoutAdIdSupport;
		};
		3D33AF2D2AE9DB3F003116A5 /* FirebaseAppCheck */ = {
			isa = XCSwiftPackageProductDependency;
			package = 3D33AF242AE9DB3F003116A5 /* XCRemoteSwiftPackageReference "firebase-ios-sdk" */;
			productName = FirebaseAppCheck;
		};
		3D33AF2F2AE9DB3F003116A5 /* FirebaseAppDistribution-Beta */ = {
			isa = XCSwiftPackageProductDependency;
			package = 3D33AF242AE9DB3F003116A5 /* XCRemoteSwiftPackageReference "firebase-ios-sdk" */;
			productName = "FirebaseAppDistribution-Beta";
		};
		3D33AF312AE9DB3F003116A5 /* FirebaseAuth */ = {
			isa = XCSwiftPackageProductDependency;
			package = 3D33AF242AE9DB3F003116A5 /* XCRemoteSwiftPackageReference "firebase-ios-sdk" */;
			productName = FirebaseAuth;
		};
		3D33AF332AE9DB3F003116A5 /* FirebaseAuthCombine-Community */ = {
			isa = XCSwiftPackageProductDependency;
			package = 3D33AF242AE9DB3F003116A5 /* XCRemoteSwiftPackageReference "firebase-ios-sdk" */;
			productName = "FirebaseAuthCombine-Community";
		};
		3D33AF352AE9DB3F003116A5 /* FirebaseCrashlytics */ = {
			isa = XCSwiftPackageProductDependency;
			package = 3D33AF242AE9DB3F003116A5 /* XCRemoteSwiftPackageReference "firebase-ios-sdk" */;
			productName = FirebaseCrashlytics;
		};
		3D33AF372AE9DB3F003116A5 /* FirebaseDatabase */ = {
			isa = XCSwiftPackageProductDependency;
			package = 3D33AF242AE9DB3F003116A5 /* XCRemoteSwiftPackageReference "firebase-ios-sdk" */;
			productName = FirebaseDatabase;
		};
		3D33AF392AE9DB3F003116A5 /* FirebaseDatabaseSwift */ = {
			isa = XCSwiftPackageProductDependency;
			package = 3D33AF242AE9DB3F003116A5 /* XCRemoteSwiftPackageReference "firebase-ios-sdk" */;
			productName = FirebaseDatabaseSwift;
		};
		3D33AF3B2AE9DB3F003116A5 /* FirebaseDynamicLinks */ = {
			isa = XCSwiftPackageProductDependency;
			package = 3D33AF242AE9DB3F003116A5 /* XCRemoteSwiftPackageReference "firebase-ios-sdk" */;
			productName = FirebaseDynamicLinks;
		};
		3D33AF3D2AE9DB3F003116A5 /* FirebaseFirestore */ = {
			isa = XCSwiftPackageProductDependency;
			package = 3D33AF242AE9DB3F003116A5 /* XCRemoteSwiftPackageReference "firebase-ios-sdk" */;
			productName = FirebaseFirestore;
		};
		3D33AF3F2AE9DB3F003116A5 /* FirebaseFirestoreCombine-Community */ = {
			isa = XCSwiftPackageProductDependency;
			package = 3D33AF242AE9DB3F003116A5 /* XCRemoteSwiftPackageReference "firebase-ios-sdk" */;
			productName = "FirebaseFirestoreCombine-Community";
		};
		3D33AF412AE9DB3F003116A5 /* FirebaseFirestoreSwift */ = {
			isa = XCSwiftPackageProductDependency;
			package = 3D33AF242AE9DB3F003116A5 /* XCRemoteSwiftPackageReference "firebase-ios-sdk" */;
			productName = FirebaseFirestoreSwift;
		};
		3D33AF432AE9DB3F003116A5 /* FirebaseFunctions */ = {
			isa = XCSwiftPackageProductDependency;
			package = 3D33AF242AE9DB3F003116A5 /* XCRemoteSwiftPackageReference "firebase-ios-sdk" */;
			productName = FirebaseFunctions;
		};
		3D33AF452AE9DB3F003116A5 /* FirebaseFunctionsCombine-Community */ = {
			isa = XCSwiftPackageProductDependency;
			package = 3D33AF242AE9DB3F003116A5 /* XCRemoteSwiftPackageReference "firebase-ios-sdk" */;
			productName = "FirebaseFunctionsCombine-Community";
		};
		3D33AF472AE9DB3F003116A5 /* FirebaseInAppMessaging-Beta */ = {
			isa = XCSwiftPackageProductDependency;
			package = 3D33AF242AE9DB3F003116A5 /* XCRemoteSwiftPackageReference "firebase-ios-sdk" */;
			productName = "FirebaseInAppMessaging-Beta";
		};
		3D33AF492AE9DB3F003116A5 /* FirebaseInAppMessagingSwift-Beta */ = {
			isa = XCSwiftPackageProductDependency;
			package = 3D33AF242AE9DB3F003116A5 /* XCRemoteSwiftPackageReference "firebase-ios-sdk" */;
			productName = "FirebaseInAppMessagingSwift-Beta";
		};
		3D33AF4B2AE9DB3F003116A5 /* FirebaseInstallations */ = {
			isa = XCSwiftPackageProductDependency;
			package = 3D33AF242AE9DB3F003116A5 /* XCRemoteSwiftPackageReference "firebase-ios-sdk" */;
			productName = FirebaseInstallations;
		};
		3D33AF4D2AE9DB3F003116A5 /* FirebaseMLModelDownloader */ = {
			isa = XCSwiftPackageProductDependency;
			package = 3D33AF242AE9DB3F003116A5 /* XCRemoteSwiftPackageReference "firebase-ios-sdk" */;
			productName = FirebaseMLModelDownloader;
		};
		3D33AF4F2AE9DB3F003116A5 /* FirebaseMessaging */ = {
			isa = XCSwiftPackageProductDependency;
			package = 3D33AF242AE9DB3F003116A5 /* XCRemoteSwiftPackageReference "firebase-ios-sdk" */;
			productName = FirebaseMessaging;
		};
		3D33AF512AE9DB3F003116A5 /* FirebasePerformance */ = {
			isa = XCSwiftPackageProductDependency;
			package = 3D33AF242AE9DB3F003116A5 /* XCRemoteSwiftPackageReference "firebase-ios-sdk" */;
			productName = FirebasePerformance;
		};
		3D33AF532AE9DB3F003116A5 /* FirebaseRemoteConfig */ = {
			isa = XCSwiftPackageProductDependency;
			package = 3D33AF242AE9DB3F003116A5 /* XCRemoteSwiftPackageReference "firebase-ios-sdk" */;
			productName = FirebaseRemoteConfig;
		};
		3D33AF552AE9DB3F003116A5 /* FirebaseRemoteConfigSwift */ = {
			isa = XCSwiftPackageProductDependency;
			package = 3D33AF242AE9DB3F003116A5 /* XCRemoteSwiftPackageReference "firebase-ios-sdk" */;
			productName = FirebaseRemoteConfigSwift;
		};
		3D33AF572AE9DB3F003116A5 /* FirebaseStorage */ = {
			isa = XCSwiftPackageProductDependency;
			package = 3D33AF242AE9DB3F003116A5 /* XCRemoteSwiftPackageReference "firebase-ios-sdk" */;
			productName = FirebaseStorage;
		};
		3D33AF592AE9DB3F003116A5 /* FirebaseStorageCombine-Community */ = {
			isa = XCSwiftPackageProductDependency;
			package = 3D33AF242AE9DB3F003116A5 /* XCRemoteSwiftPackageReference "firebase-ios-sdk" */;
			productName = "FirebaseStorageCombine-Community";
		};
/* End XCSwiftPackageProductDependency section */
	};
	rootObject = 3DD88D562AE87D9E0018291D /* Project object */;
}
